
Microsoft Visual Studio Solution File, Format Version 12.00
# Visual Studio Version 16
VisualStudioVersion = 16.0.30907.101
MinimumVisualStudioVersion = 10.0.40219.1
Project("{FAE04EC0-301F-11D3-BF4B-00C04F79EFBC}") = "task_1", "task_1\task_1.csproj", "{08D24539-94E7-4E50-8436-17EF4CA0A625}"
EndProject
Project("{FAE04EC0-301F-11D3-BF4B-00C04F79EFBC}") = "Task_2", "Task_2\Task_2.csproj", "{98A3B683-04AC-4770-BB4A-A29C8086380A}"
EndProject
Global
	GlobalSection(SolutionConfigurationPlatforms) = preSolution
		Debug|Any CPU = Debug|Any CPU
		Release|Any CPU = Release|Any CPU
	EndGlobalSection
	GlobalSection(ProjectConfigurationPlatforms) = postSolution
		{08D24539-94E7-4E50-8436-17EF4CA0A625}.Debug|Any CPU.ActiveCfg = Debug|Any CPU
		{08D24539-94E7-4E50-8436-17EF4CA0A625}.Debug|Any CPU.Build.0 = Debug|Any CPU
		{08D24539-94E7-4E50-8436-17EF4CA0A625}.Release|Any CPU.ActiveCfg = Release|Any CPU
		{08D24539-94E7-4E50-8436-17EF4CA0A625}.Release|Any CPU.Build.0 = Release|Any CPU
		{98A3B683-04AC-4770-BB4A-A29C8086380A}.Debug|Any CPU.ActiveCfg = Debug|Any CPU
		{98A3B683-04AC-4770-BB4A-A29C8086380A}.Debug|Any CPU.Build.0 = Debug|Any CPU
		{98A3B683-04AC-4770-BB4A-A29C8086380A}.Release|Any CPU.ActiveCfg = Release|Any CPU
		{98A3B683-04AC-4770-BB4A-A29C8086380A}.Release|Any CPU.Build.0 = Release|Any CPU
	EndGlobalSection
	GlobalSection(SolutionProperties) = preSolution
		HideSolutionNode = FALSE
	EndGlobalSection
	GlobalSection(ExtensibilityGlobals) = postSolution
		SolutionGuid = {2F59CCA1-8F9C-45F4-959C-33FABCB6FAB3}
	EndGlobalSection
EndGlobal
